// !$*UTF8*$!
{
	archiveVersion = 1;
	classes = {
	};
	objectVersion = 56;
	objects = {

/* Begin PBXBuildFile section */
		C3F888282B1DECE000AB0A40 /* AppDelegate.swift in Sources */ = {isa = PBXBuildFile; fileRef = C3F888272B1DECE000AB0A40 /* AppDelegate.swift */; };
		C3F8882A2B1DECE000AB0A40 /* SceneDelegate.swift in Sources */ = {isa = PBXBuildFile; fileRef = C3F888292B1DECE000AB0A40 /* SceneDelegate.swift */; };
		C3F8882C2B1DECE000AB0A40 /* ViewController.swift in Sources */ = {isa = PBXBuildFile; fileRef = C3F8882B2B1DECE000AB0A40 /* ViewController.swift */; };
		C3F8882F2B1DECE000AB0A40 /* Main.storyboard in Resources */ = {isa = PBXBuildFile; fileRef = C3F8882D2B1DECE000AB0A40 /* Main.storyboard */; };
		C3F888312B1DECE100AB0A40 /* Assets.xcassets in Resources */ = {isa = PBXBuildFile; fileRef = C3F888302B1DECE100AB0A40 /* Assets.xcassets */; };
		C3F888342B1DECE100AB0A40 /* LaunchScreen.storyboard in Resources */ = {isa = PBXBuildFile; fileRef = C3F888322B1DECE100AB0A40 /* LaunchScreen.storyboard */; };
		C3F8883F2B1DECE100AB0A40 /* ttthTests.swift in Sources */ = {isa = PBXBuildFile; fileRef = C3F8883E2B1DECE100AB0A40 /* ttthTests.swift */; };
		C3F888492B1DECE100AB0A40 /* ttthUITests.swift in Sources */ = {isa = PBXBuildFile; fileRef = C3F888482B1DECE100AB0A40 /* ttthUITests.swift */; };
		C3F8884B2B1DECE100AB0A40 /* ttthUITestsLaunchTests.swift in Sources */ = {isa = PBXBuildFile; fileRef = C3F8884A2B1DECE100AB0A40 /* ttthUITestsLaunchTests.swift */; };
/* End PBXBuildFile section */

/* Begin PBXContainerItemProxy section */
		C3F8883B2B1DECE100AB0A40 /* PBXContainerItemProxy */ = {
			isa = PBXContainerItemProxy;
			containerPortal = C3F8881C2B1DECE000AB0A40 /* Project object */;
			proxyType = 1;
			remoteGlobalIDString = C3F888232B1DECE000AB0A40;
			remoteInfo = ttth;
		};
		C3F888452B1DECE100AB0A40 /* PBXContainerItemProxy */ = {
			isa = PBXContainerItemProxy;
			containerPortal = C3F8881C2B1DECE000AB0A40 /* Project object */;
			proxyType = 1;
			remoteGlobalIDString = C3F888232B1DECE000AB0A40;
			remoteInfo = ttth;
		};
/* End PBXContainerItemProxy section */

/* Begin PBXFileReference section */
		C3F888242B1DECE000AB0A40 /* ttth.app */ = {isa = PBXFileReference; explicitFileType = wrapper.application; includeInIndex = 0; path = ttth.app; sourceTree = BUILT_PRODUCTS_DIR; };
		C3F888272B1DECE000AB0A40 /* AppDelegate.swift */ = {isa = PBXFileReference; lastKnownFileType = sourcecode.swift; path = AppDelegate.swift; sourceTree = "<group>"; };
		C3F888292B1DECE000AB0A40 /* SceneDelegate.swift */ = {isa = PBXFileReference; lastKnownFileType = sourcecode.swift; path = SceneDelegate.swift; sourceTree = "<group>"; };
		C3F8882B2B1DECE000AB0A40 /* ViewController.swift */ = {isa = PBXFileReference; lastKnownFileType = sourcecode.swift; path = ViewController.swift; sourceTree = "<group>"; };
		C3F8882E2B1DECE000AB0A40 /* Base */ = {isa = PBXFileReference; lastKnownFileType = file.storyboard; name = Base; path = Base.lproj/Main.storyboard; sourceTree = "<group>"; };
		C3F888302B1DECE100AB0A40 /* Assets.xcassets */ = {isa = PBXFileReference; lastKnownFileType = folder.assetcatalog; path = Assets.xcassets; sourceTree = "<group>"; };
		C3F888332B1DECE100AB0A40 /* Base */ = {isa = PBXFileReference; lastKnownFileType = file.storyboard; name = Base; path = Base.lproj/LaunchScreen.storyboard; sourceTree = "<group>"; };
		C3F888352B1DECE100AB0A40 /* Info.plist */ = {isa = PBXFileReference; lastKnownFileType = text.plist.xml; path = Info.plist; sourceTree = "<group>"; };
		C3F8883A2B1DECE100AB0A40 /* ttthTests.xctest */ = {isa = PBXFileReference; explicitFileType = wrapper.cfbundle; includeInIndex = 0; path = ttthTests.xctest; sourceTree = BUILT_PRODUCTS_DIR; };
		C3F8883E2B1DECE100AB0A40 /* ttthTests.swift */ = {isa = PBXFileReference; lastKnownFileType = sourcecode.swift; path = ttthTests.swift; sourceTree = "<group>"; };
		C3F888442B1DECE100AB0A40 /* ttthUITests.xctest */ = {isa = PBXFileReference; explicitFileType = wrapper.cfbundle; includeInIndex = 0; path = ttthUITests.xctest; sourceTree = BUILT_PRODUCTS_DIR; };
		C3F888482B1DECE100AB0A40 /* ttthUITests.swift */ = {isa = PBXFileReference; lastKnownFileType = sourcecode.swift; path = ttthUITests.swift; sourceTree = "<group>"; };
		C3F8884A2B1DECE100AB0A40 /* ttthUITestsLaunchTests.swift */ = {isa = PBXFileReference; lastKnownFileType = sourcecode.swift; path = ttthUITestsLaunchTests.swift; sourceTree = "<group>"; };
/* End PBXFileReference section */

/* Begin PBXFrameworksBuildPhase section */
		C3F888212B1DECE000AB0A40 /* Frameworks */ = {
			isa = PBXFrameworksBuildPhase;
			buildActionMask = 2147483647;
			files = (
			);
			runOnlyForDeploymentPostprocessing = 0;
		};
		C3F888372B1DECE100AB0A40 /* Frameworks */ = {
			isa = PBXFrameworksBuildPhase;
			buildActionMask = 2147483647;
			files = (
			);
			runOnlyForDeploymentPostprocessing = 0;
		};
		C3F888412B1DECE100AB0A40 /* Frameworks */ = {
			isa = PBXFrameworksBuildPhase;
			buildActionMask = 2147483647;
			files = (
			);
			runOnlyForDeploymentPostprocessing = 0;
		};
/* End PBXFrameworksBuildPhase section */

/* Begin PBXGroup section */
		C3F8881B2B1DECE000AB0A40 = {
			isa = PBXGroup;
			children = (
				C3F888262B1DECE000AB0A40 /* ttth */,
				C3F8883D2B1DECE100AB0A40 /* ttthTests */,
				C3F888472B1DECE100AB0A40 /* ttthUITests */,
				C3F888252B1DECE000AB0A40 /* Products */,
			);
			sourceTree = "<group>";
		};
		C3F888252B1DECE000AB0A40 /* Products */ = {
			isa = PBXGroup;
			children = (
				C3F888242B1DECE000AB0A40 /* ttth.app */,
				C3F8883A2B1DECE100AB0A40 /* ttthTests.xctest */,
				C3F888442B1DECE100AB0A40 /* ttthUITests.xctest */,
			);
			name = Products;
			sourceTree = "<group>";
		};
		C3F888262B1DECE000AB0A40 /* ttth */ = {
			isa = PBXGroup;
			children = (
				C3F888272B1DECE000AB0A40 /* AppDelegate.swift */,
				C3F888292B1DECE000AB0A40 /* SceneDelegate.swift */,
				C3F8882B2B1DECE000AB0A40 /* ViewController.swift */,
				C3F8882D2B1DECE000AB0A40 /* Main.storyboard */,
				C3F888302B1DECE100AB0A40 /* Assets.xcassets */,
				C3F888322B1DECE100AB0A40 /* LaunchScreen.storyboard */,
				C3F888352B1DECE100AB0A40 /* Info.plist */,
			);
			path = ttth;
			sourceTree = "<group>";
		};
		C3F8883D2B1DECE100AB0A40 /* ttthTests */ = {
			isa = PBXGroup;
			children = (
				C3F8883E2B1DECE100AB0A40 /* ttthTests.swift */,
			);
			path = ttthTests;
			sourceTree = "<group>";
		};
		C3F888472B1DECE100AB0A40 /* ttthUITests */ = {
			isa = PBXGroup;
			children = (
				C3F888482B1DECE100AB0A40 /* ttthUITests.swift */,
				C3F8884A2B1DECE100AB0A40 /* ttthUITestsLaunchTests.swift */,
			);
			path = ttthUITests;
			sourceTree = "<group>";
		};
/* End PBXGroup section */

/* Begin PBXNativeTarget section */
		C3F888232B1DECE000AB0A40 /* ttth */ = {
			isa = PBXNativeTarget;
			buildConfigurationList = C3F8884E2B1DECE100AB0A40 /* Build configuration list for PBXNativeTarget "ttth" */;
			buildPhases = (
				C3F888202B1DECE000AB0A40 /* Sources */,
				C3F888212B1DECE000AB0A40 /* Frameworks */,
				C3F888222B1DECE000AB0A40 /* Resources */,
			);
			buildRules = (
			);
			dependencies = (
			);
			name = ttth;
			productName = ttth;
			productReference = C3F888242B1DECE000AB0A40 /* ttth.app */;
			productType = "com.apple.product-type.application";
		};
		C3F888392B1DECE100AB0A40 /* ttthTests */ = {
			isa = PBXNativeTarget;
			buildConfigurationList = C3F888512B1DECE100AB0A40 /* Build configuration list for PBXNativeTarget "ttthTests" */;
			buildPhases = (
				C3F888362B1DECE100AB0A40 /* Sources */,
				C3F888372B1DECE100AB0A40 /* Frameworks */,
				C3F888382B1DECE100AB0A40 /* Resources */,
			);
			buildRules = (
			);
			dependencies = (
				C3F8883C2B1DECE100AB0A40 /* PBXTargetDependency */,
			);
			name = ttthTests;
			productName = ttthTests;
			productReference = C3F8883A2B1DECE100AB0A40 /* ttthTests.xctest */;
			productType = "com.apple.product-type.bundle.unit-test";
		};
		C3F888432B1DECE100AB0A40 /* ttthUITests */ = {
			isa = PBXNativeTarget;
			buildConfigurationList = C3F888542B1DECE100AB0A40 /* Build configuration list for PBXNativeTarget "ttthUITests" */;
			buildPhases = (
				C3F888402B1DECE100AB0A40 /* Sources */,
				C3F888412B1DECE100AB0A40 /* Frameworks */,
				C3F888422B1DECE100AB0A40 /* Resources */,
			);
			buildRules = (
			);
			dependencies = (
				C3F888462B1DECE100AB0A40 /* PBXTargetDependency */,
			);
			name = ttthUITests;
			productName = ttthUITests;
			productReference = C3F888442B1DECE100AB0A40 /* ttthUITests.xctest */;
			productType = "com.apple.product-type.bundle.ui-testing";
		};
/* End PBXNativeTarget section */

/* Begin PBXProject section */
		C3F8881C2B1DECE000AB0A40 /* Project object */ = {
			isa = PBXProject;
			attributes = {
				BuildIndependentTargetsInParallel = 1;
				LastSwiftUpdateCheck = 1500;
				LastUpgradeCheck = 1500;
				TargetAttributes = {
					C3F888232B1DECE000AB0A40 = {
						CreatedOnToolsVersion = 15.0;
					};
					C3F888392B1DECE100AB0A40 = {
						CreatedOnToolsVersion = 15.0;
						TestTargetID = C3F888232B1DECE000AB0A40;
					};
					C3F888432B1DECE100AB0A40 = {
						CreatedOnToolsVersion = 15.0;
						TestTargetID = C3F888232B1DECE000AB0A40;
					};
				};
			};
			buildConfigurationList = C3F8881F2B1DECE000AB0A40 /* Build configuration list for PBXProject "ttth" */;
			compatibilityVersion = "Xcode 14.0";
			developmentRegion = en;
			hasScannedForEncodings = 0;
			knownRegions = (
				en,
				Base,
			);
			mainGroup = C3F8881B2B1DECE000AB0A40;
			productRefGroup = C3F888252B1DECE000AB0A40 /* Products */;
			projectDirPath = "";
			projectRoot = "";
			targets = (
				C3F888232B1DECE000AB0A40 /* ttth */,
				C3F888392B1DECE100AB0A40 /* ttthTests */,
				C3F888432B1DECE100AB0A40 /* ttthUITests */,
			);
		};
/* End PBXProject section */

/* Begin PBXResourcesBuildPhase section */
		C3F888222B1DECE000AB0A40 /* Resources */ = {
			isa = PBXResourcesBuildPhase;
			buildActionMask = 2147483647;
			files = (
				C3F888342B1DECE100AB0A40 /* LaunchScreen.storyboard in Resources */,
				C3F888312B1DECE100AB0A40 /* Assets.xcassets in Resources */,
				C3F8882F2B1DECE000AB0A40 /* Main.storyboard in Resources */,
			);
			runOnlyForDeploymentPostprocessing = 0;
		};
		C3F888382B1DECE100AB0A40 /* Resources */ = {
			isa = PBXResourcesBuildPhase;
			buildActionMask = 2147483647;
			files = (
			);
			runOnlyForDeploymentPostprocessing = 0;
		};
		C3F888422B1DECE100AB0A40 /* Resources */ = {
			isa = PBXResourcesBuildPhase;
			buildActionMask = 2147483647;
			files = (
			);
			runOnlyForDeploymentPostprocessing = 0;
		};
/* End PBXResourcesBuildPhase section */

/* Begin PBXSourcesBuildPhase section */
		C3F888202B1DECE000AB0A40 /* Sources */ = {
			isa = PBXSourcesBuildPhase;
			buildActionMask = 2147483647;
			files = (
				C3F8882C2B1DECE000AB0A40 /* ViewController.swift in Sources */,
				C3F888282B1DECE000AB0A40 /* AppDelegate.swift in Sources */,
				C3F8882A2B1DECE000AB0A40 /* SceneDelegate.swift in Sources */,
			);
			runOnlyForDeploymentPostprocessing = 0;
		};
		C3F888362B1DECE100AB0A40 /* Sources */ = {
			isa = PBXSourcesBuildPhase;
			buildActionMask = 2147483647;
			files = (
				C3F8883F2B1DECE100AB0A40 /* ttthTests.swift in Sources */,
			);
			runOnlyForDeploymentPostprocessing = 0;
		};
		C3F888402B1DECE100AB0A40 /* Sources */ = {
			isa = PBXSourcesBuildPhase;
			buildActionMask = 2147483647;
			files = (
				C3F8884B2B1DECE100AB0A40 /* ttthUITestsLaunchTests.swift in Sources */,
				C3F888492B1DECE100AB0A40 /* ttthUITests.swift in Sources */,
			);
			runOnlyForDeploymentPostprocessing = 0;
		};
/* End PBXSourcesBuildPhase section */

/* Begin PBXTargetDependency section */
		C3F8883C2B1DECE100AB0A40 /* PBXTargetDependency */ = {
			isa = PBXTargetDependency;
			target = C3F888232B1DECE000AB0A40 /* ttth */;
			targetProxy = C3F8883B2B1DECE100AB0A40 /* PBXContainerItemProxy */;
		};
		C3F888462B1DECE100AB0A40 /* PBXTargetDependency */ = {
			isa = PBXTargetDependency;
			target = C3F888232B1DECE000AB0A40 /* ttth */;
			targetProxy = C3F888452B1DECE100AB0A40 /* PBXContainerItemProxy */;
		};
/* End PBXTargetDependency section */

/* Begin PBXVariantGroup section */
		C3F8882D2B1DECE000AB0A40 /* Main.storyboard */ = {
			isa = PBXVariantGroup;
			children = (
				C3F8882E2B1DECE000AB0A40 /* Base */,
			);
			name = Main.storyboard;
			sourceTree = "<group>";
		};
		C3F888322B1DECE100AB0A40 /* LaunchScreen.storyboard */ = {
			isa = PBXVariantGroup;
			children = (
				C3F888332B1DECE100AB0A40 /* Base */,
			);
			name = LaunchScreen.storyboard;
			sourceTree = "<group>";
		};
/* End PBXVariantGroup section */

/* Begin XCBuildConfiguration section */
		C3F8884C2B1DECE100AB0A40 /* Debug */ = {
			isa = XCBuildConfiguration;
			buildSettings = {
				ALWAYS_SEARCH_USER_PATHS = NO;
				ASSETCATALOG_COMPILER_GENERATE_SWIFT_ASSET_SYMBOL_EXTENSIONS = YES;
				CLANG_ANALYZER_NONNULL = YES;
				CLANG_ANALYZER_NUMBER_OBJECT_CONVERSION = YES_AGGRESSIVE;
				CLANG_CXX_LANGUAGE_STANDARD = "gnu++20";
				CLANG_ENABLE_MODULES = YES;
				CLANG_ENABLE_OBJC_ARC = YES;
				CLANG_ENABLE_OBJC_WEAK = YES;
				CLANG_WARN_BLOCK_CAPTURE_AUTORELEASING = YES;
				CLANG_WARN_BOOL_CONVERSION = YES;
				CLANG_WARN_COMMA = YES;
				CLANG_WARN_CONSTANT_CONVERSION = YES;
				CLANG_WARN_DEPRECATED_OBJC_IMPLEMENTATIONS = YES;
				CLANG_WARN_DIRECT_OBJC_ISA_USAGE = YES_ERROR;
				CLANG_WARN_DOCUMENTATION_COMMENTS = YES;
				CLANG_WARN_EMPTY_BODY = YES;
				CLANG_WARN_ENUM_CONVERSION = YES;
				CLANG_WARN_INFINITE_RECURSION = YES;
				CLANG_WARN_INT_CONVERSION = YES;
				CLANG_WARN_NON_LITERAL_NULL_CONVERSION = YES;
				CLANG_WARN_OBJC_IMPLICIT_RETAIN_SELF = YES;
				CLANG_WARN_OBJC_LITERAL_CONVERSION = YES;
				CLANG_WARN_OBJC_ROOT_CLASS = YES_ERROR;
				CLANG_WARN_QUOTED_INCLUDE_IN_FRAMEWORK_HEADER = YES;
				CLANG_WARN_RANGE_LOOP_ANALYSIS = YES;
				CLANG_WARN_STRICT_PROTOTYPES = YES;
				CLANG_WARN_SUSPICIOUS_MOVE = YES;
				CLANG_WARN_UNGUARDED_AVAILABILITY = YES_AGGRESSIVE;
				CLANG_WARN_UNREACHABLE_CODE = YES;
				CLANG_WARN__DUPLICATE_METHOD_MATCH = YES;
				COPY_PHASE_STRIP = NO;
				DEBUG_INFORMATION_FORMAT = dwarf;
				ENABLE_STRICT_OBJC_MSGSEND = YES;
				ENABLE_TESTABILITY = YES;
				ENABLE_USER_SCRIPT_SANDBOXING = YES;
				GCC_C_LANGUAGE_STANDARD = gnu17;
				GCC_DYNAMIC_NO_PIC = NO;
				GCC_NO_COMMON_BLOCKS = YES;
				GCC_OPTIMIZATION_LEVEL = 0;
				GCC_PREPROCESSOR_DEFINITIONS = (
					"DEBUG=1",
					"$(inherited)",
				);
				GCC_WARN_64_TO_32_BIT_CONVERSION = YES;
				GCC_WARN_ABOUT_RETURN_TYPE = YES_ERROR;
				GCC_WARN_UNDECLARED_SELECTOR = YES;
				GCC_WARN_UNINITIALIZED_AUTOS = YES_AGGRESSIVE;
				GCC_WARN_UNUSED_FUNCTION = YES;
				GCC_WARN_UNUSED_VARIABLE = YES;
				IPHONEOS_DEPLOYMENT_TARGET = 17.0;
				LOCALIZATION_PREFERS_STRING_CATALOGS = YES;
				MTL_ENABLE_DEBUG_INFO = INCLUDE_SOURCE;
				MTL_FAST_MATH = YES;
				ONLY_ACTIVE_ARCH = YES;
				SDKROOT = iphoneos;
				SWIFT_ACTIVE_COMPILATION_CONDITIONS = "DEBUG $(inherited)";
				SWIFT_OPTIMIZATION_LEVEL = "-Onone";
			};
			name = Debug;
		};
		C3F8884D2B1DECE100AB0A40 /* Release */ = {
			isa = XCBuildConfiguration;
			buildSettings = {
				ALWAYS_SEARCH_USER_PATHS = NO;
				ASSETCATALOG_COMPILER_GENERATE_SWIFT_ASSET_SYMBOL_EXTENSIONS = YES;
				CLANG_ANALYZER_NONNULL = YES;
				CLANG_ANALYZER_NUMBER_OBJECT_CONVERSION = YES_AGGRESSIVE;
				CLANG_CXX_LANGUAGE_STANDARD = "gnu++20";
				CLANG_ENABLE_MODULES = YES;
				CLANG_ENABLE_OBJC_ARC = YES;
				CLANG_ENABLE_OBJC_WEAK = YES;
				CLANG_WARN_BLOCK_CAPTURE_AUTORELEASING = YES;
				CLANG_WARN_BOOL_CONVERSION = YES;
				CLANG_WARN_COMMA = YES;
				CLANG_WARN_CONSTANT_CONVERSION = YES;
				CLANG_WARN_DEPRECATED_OBJC_IMPLEMENTATIONS = YES;
				CLANG_WARN_DIRECT_OBJC_ISA_USAGE = YES_ERROR;
				CLANG_WARN_DOCUMENTATION_COMMENTS = YES;
				CLANG_WARN_EMPTY_BODY = YES;
				CLANG_WARN_ENUM_CONVERSION = YES;
				CLANG_WARN_INFINITE_RECURSION = YES;
				CLANG_WARN_INT_CONVERSION = YES;
				CLANG_WARN_NON_LITERAL_NULL_CONVERSION = YES;
				CLANG_WARN_OBJC_IMPLICIT_RETAIN_SELF = YES;
				CLANG_WARN_OBJC_LITERAL_CONVERSION = YES;
				CLANG_WARN_OBJC_ROOT_CLASS = YES_ERROR;
				CLANG_WARN_QUOTED_INCLUDE_IN_FRAMEWORK_HEADER = YES;
				CLANG_WARN_RANGE_LOOP_ANALYSIS = YES;
				CLANG_WARN_STRICT_PROTOTYPES = YES;
				CLANG_WARN_SUSPICIOUS_MOVE = YES;
				CLANG_WARN_UNGUARDED_AVAILABILITY = YES_AGGRESSIVE;
				CLANG_WARN_UNREACHABLE_CODE = YES;
				CLANG_WARN__DUPLICATE_METHOD_MATCH = YES;
				COPY_PHASE_STRIP = NO;
				DEBUG_INFORMATION_FORMAT = "dwarf-with-dsym";
				ENABLE_NS_ASSERTIONS = NO;
				ENABLE_STRICT_OBJC_MSGSEND = YES;
				ENABLE_USER_SCRIPT_SANDBOXING = YES;
				GCC_C_LANGUAGE_STANDARD = gnu17;
				GCC_NO_COMMON_BLOCKS = YES;
				GCC_WARN_64_TO_32_BIT_CONVERSION = YES;
				GCC_WARN_ABOUT_RETURN_TYPE = YES_ERROR;
				GCC_WARN_UNDECLARED_SELECTOR = YES;
				GCC_WARN_UNINITIALIZED_AUTOS = YES_AGGRESSIVE;
				GCC_WARN_UNUSED_FUNCTION = YES;
				GCC_WARN_UNUSED_VARIABLE = YES;
				IPHONEOS_DEPLOYMENT_TARGET = 17.0;
				LOCALIZATION_PREFERS_STRING_CATALOGS = YES;
				MTL_ENABLE_DEBUG_INFO = NO;
				MTL_FAST_MATH = YES;
				SDKROOT = iphoneos;
				SWIFT_COMPILATION_MODE = wholemodule;
				VALIDATE_PRODUCT = YES;
			};
			name = Release;
		};
		C3F8884F2B1DECE100AB0A40 /* Debug */ = {
			isa = XCBuildConfiguration;
			buildSettings = {
				ASSETCATALOG_COMPILER_APPICON_NAME = AppIcon;
				ASSETCATALOG_COMPILER_GLOBAL_ACCENT_COLOR_NAME = AccentColor;
				CODE_SIGN_STYLE = Automatic;
				CURRENT_PROJECT_VERSION = 1;
				DEVELOPMENT_TEAM = Q59F3FQQ2T;
				GENERATE_INFOPLIST_FILE = YES;
				INFOPLIST_FILE = ttth/Info.plist;
				INFOPLIST_KEY_UIApplicationSupportsIndirectInputEvents = YES;
				INFOPLIST_KEY_UILaunchStoryboardName = LaunchScreen;
				INFOPLIST_KEY_UIMainStoryboardFile = Main;
				INFOPLIST_KEY_UISupportedInterfaceOrientations_iPad = "UIInterfaceOrientationPortrait UIInterfaceOrientationPortraitUpsideDown UIInterfaceOrientationLandscapeLeft UIInterfaceOrientationLandscapeRight";
				INFOPLIST_KEY_UISupportedInterfaceOrientations_iPhone = "UIInterfaceOrientationPortrait UIInterfaceOrientationLandscapeLeft UIInterfaceOrientationLandscapeRight";
				LD_RUNPATH_SEARCH_PATHS = (
					"$(inherited)",
					"@executable_path/Frameworks",
				);
				MARKETING_VERSION = 1.0;
				PRODUCT_BUNDLE_IDENTIFIER = com.dillenhub.ttth;
				PRODUCT_NAME = "$(TARGET_NAME)";
				SWIFT_EMIT_LOC_STRINGS = YES;
				SWIFT_VERSION = 5.0;
				TARGETED_DEVICE_FAMILY = "1,2";
			};
			name = Debug;
		};
		C3F888502B1DECE100AB0A40 /* Release */ = {
			isa = XCBuildConfiguration;
			buildSettings = {
				ASSETCATALOG_COMPILER_APPICON_NAME = AppIcon;
				ASSETCATALOG_COMPILER_GLOBAL_ACCENT_COLOR_NAME = AccentColor;
				CODE_SIGN_STYLE = Automatic;
				CURRENT_PROJECT_VERSION = 1;
				DEVELOPMENT_TEAM = Q59F3FQQ2T;
				GENERATE_INFOPLIST_FILE = YES;
				INFOPLIST_FILE = ttth/Info.plist;
				INFOPLIST_KEY_UIApplicationSupportsIndirectInputEvents = YES;
				INFOPLIST_KEY_UILaunchStoryboardName = LaunchScreen;
				INFOPLIST_KEY_UIMainStoryboardFile = Main;
				INFOPLIST_KEY_UISupportedInterfaceOrientations_iPad = "UIInterfaceOrientationPortrait UIInterfaceOrientationPortraitUpsideDown UIInterfaceOrientationLandscapeLeft UIInterfaceOrientationLandscapeRight";
				INFOPLIST_KEY_UISupportedInterfaceOrientations_iPhone = "UIInterfaceOrientationPortrait UIInterfaceOrientationLandscapeLeft UIInterfaceOrientationLandscapeRight";
				LD_RUNPATH_SEARCH_PATHS = (
					"$(inherited)",
					"@executable_path/Frameworks",
				);
				MARKETING_VERSION = 1.0;
				PRODUCT_BUNDLE_IDENTIFIER = com.dillenhub.ttth;
				PRODUCT_NAME = "$(TARGET_NAME)";
				SWIFT_EMIT_LOC_STRINGS = YES;
				SWIFT_VERSION = 5.0;
				TARGETED_DEVICE_FAMILY = "1,2";
			};
			name = Release;
		};
		C3F888522B1DECE100AB0A40 /* Debug */ = {
			isa = XCBuildConfiguration;
			buildSettings = {
				ALWAYS_EMBED_SWIFT_STANDARD_LIBRARIES = YES;
				BUNDLE_LOADER = "$(TEST_HOST)";
				CODE_SIGN_STYLE = Automatic;
				CURRENT_PROJECT_VERSION = 1;
				DEVELOPMENT_TEAM = Q59F3FQQ2T;
				GENERATE_INFOPLIST_FILE = YES;
				IPHONEOS_DEPLOYMENT_TARGET = 17.0;
				MARKETING_VERSION = 1.0;
				PRODUCT_BUNDLE_IDENTIFIER = com.dillenhub.ttthTests;
				PRODUCT_NAME = "$(TARGET_NAME)";
				SWIFT_EMIT_LOC_STRINGS = NO;
				SWIFT_VERSION = 5.0;
				TARGETED_DEVICE_FAMILY = "1,2";
				TEST_HOST = "$(BUILT_PRODUCTS_DIR)/ttth.app/$(BUNDLE_EXECUTABLE_FOLDER_PATH)/ttth";
			};
			name = Debug;
		};
		C3F888532B1DECE100AB0A40 /* Release */ = {
			isa = XCBuildConfiguration;
			buildSettings = {
				ALWAYS_EMBED_SWIFT_STANDARD_LIBRARIES = YES;
				BUNDLE_LOADER = "$(TEST_HOST)";
				CODE_SIGN_STYLE = Automatic;
				CURRENT_PROJECT_VERSION = 1;
				DEVELOPMENT_TEAM = Q59F3FQQ2T;
				GENERATE_INFOPLIST_FILE = YES;
				IPHONEOS_DEPLOYMENT_TARGET = 17.0;
				MARKETING_VERSION = 1.0;
				PRODUCT_BUNDLE_IDENTIFIER = com.dillenhub.ttthTests;
				PRODUCT_NAME = "$(TARGET_NAME)";
				SWIFT_EMIT_LOC_STRINGS = NO;
				SWIFT_VERSION = 5.0;
				TARGETED_DEVICE_FAMILY = "1,2";
				TEST_HOST = "$(BUILT_PRODUCTS_DIR)/ttth.app/$(BUNDLE_EXECUTABLE_FOLDER_PATH)/ttth";
			};
			name = Release;
		};
		C3F888552B1DECE100AB0A40 /* Debug */ = {
			isa = XCBuildConfiguration;
			buildSettings = {
				ALWAYS_EMBED_SWIFT_STANDARD_LIBRARIES = YES;
				CODE_SIGN_STYLE = Automatic;
				CURRENT_PROJECT_VERSION = 1;
				DEVELOPMENT_TEAM = Q59F3FQQ2T;
				GENERATE_INFOPLIST_FILE = YES;
				MARKETING_VERSION = 1.0;
				PRODUCT_BUNDLE_IDENTIFIER = com.dillenhub.ttthUITests;
				PRODUCT_NAME = "$(TARGET_NAME)";
				SWIFT_EMIT_LOC_STRINGS = NO;
				SWIFT_VERSION = 5.0;
				TARGETED_DEVICE_FAMILY = "1,2";
				TEST_TARGET_NAME = ttth;
			};
			name = Debug;
		};
		C3F888562B1DECE100AB0A40 /* Release */ = {
			isa = XCBuildConfiguration;
			buildSettings = {
				ALWAYS_EMBED_SWIFT_STANDARD_LIBRARIES = YES;
				CODE_SIGN_STYLE = Automatic;
				CURRENT_PROJECT_VERSION = 1;
				DEVELOPMENT_TEAM = Q59F3FQQ2T;
				GENERATE_INFOPLIST_FILE = YES;
				MARKETING_VERSION = 1.0;
				PRODUCT_BUNDLE_IDENTIFIER = com.dillenhub.ttthUITests;
				PRODUCT_NAME = "$(TARGET_NAME)";
				SWIFT_EMIT_LOC_STRINGS = NO;
				SWIFT_VERSION = 5.0;
				TARGETED_DEVICE_FAMILY = "1,2";
				TEST_TARGET_NAME = ttth;
			};
			name = Release;
		};
/* End XCBuildConfiguration section */

/* Begin XCConfigurationList section */
		C3F8881F2B1DECE000AB0A40 /* Build configuration list for PBXProject "ttth" */ = {
			isa = XCConfigurationList;
			buildConfigurations = (
				C3F8884C2B1DECE100AB0A40 /* Debug */,
				C3F8884D2B1DECE100AB0A40 /* Release */,
			);
			defaultConfigurationIsVisible = 0;
			defaultConfigurationName = Release;
		};
		C3F8884E2B1DECE100AB0A40 /* Build configuration list for PBXNativeTarget "ttth" */ = {
			isa = XCConfigurationList;
			buildConfigurations = (
				C3F8884F2B1DECE100AB0A40 /* Debug */,
				C3F888502B1DECE100AB0A40 /* Release */,
			);
			defaultConfigurationIsVisible = 0;
			defaultConfigurationName = Release;
		};
		C3F888512B1DECE100AB0A40 /* Build configuration list for PBXNativeTarget "ttthTests" */ = {
			isa = XCConfigurationList;
			buildConfigurations = (
				C3F888522B1DECE100AB0A40 /* Debug */,
				C3F888532B1DECE100AB0A40 /* Release */,
			);
			defaultConfigurationIsVisible = 0;
			defaultConfigurationName = Release;
		};
		C3F888542B1DECE100AB0A40 /* Build configuration list for PBXNativeTarget "ttthUITests" */ = {
			isa = XCConfigurationList;
			buildConfigurations = (
				C3F888552B1DECE100AB0A40 /* Debug */,
				C3F888562B1DECE100AB0A40 /* Release */,
			);
			defaultConfigurationIsVisible = 0;
			defaultConfigurationName = Release;
		};
/* End XCConfigurationList section */
	};
	rootObject = C3F8881C2B1DECE000AB0A40 /* Project object */;
}
